
Microsoft Visual Studio Solution File, Format Version 12.00
# Visual Studio Version 16
VisualStudioVersion = 25.0.1705.4
MinimumVisualStudioVersion = 10.0.40219.1
Project("{FAE04EC0-301F-11D3-BF4B-00C04F79EFBC}") = "ApiBA", "ApiBA\ApiBA.csproj", "{5533E87D-1AF5-4687-8E8F-8752F74B9F16}"
EndProject
Global
	GlobalSection(SolutionConfigurationPlatforms) = preSolution
		Debug|Any CPU = Debug|Any CPU
		Release|Any CPU = Release|Any CPU
	EndGlobalSection
	GlobalSection(ProjectConfigurationPlatforms) = postSolution
		{5533E87D-1AF5-4687-8E8F-8752F74B9F16}.Debug|Any CPU.ActiveCfg = Debug|Any CPU
		{5533E87D-1AF5-4687-8E8F-8752F74B9F16}.Debug|Any CPU.Build.0 = Debug|Any CPU
		{5533E87D-1AF5-4687-8E8F-8752F74B9F16}.Release|Any CPU.ActiveCfg = Release|Any CPU
		{5533E87D-1AF5-4687-8E8F-8752F74B9F16}.Release|Any CPU.Build.0 = Release|Any CPU
	EndGlobalSection
	GlobalSection(SolutionProperties) = preSolution
		HideSolutionNode = FALSE
	EndGlobalSection
	GlobalSection(ExtensibilityGlobals) = postSolution
		SolutionGuid = {31484BFE-751F-4192-B333-C1BC050FF4F5}
	EndGlobalSection
EndGlobal
